
Microsoft Visual Studio Solution File, Format Version 12.00
# Visual Studio 2013
VisualStudioVersion = 12.0.31101.0
MinimumVisualStudioVersion = 10.0.40219.1
Project("{FAE04EC0-301F-11D3-BF4B-00C04F79EFBC}") = "DRS", "DRS\DRS\DRS.csproj", "{E454BC89-19D3-4322-B3CE-D2161BF4C8B6}"
EndProject
Project("{FAE04EC0-301F-11D3-BF4B-00C04F79EFBC}") = "DRS.iOS", "DRS\DRS.iOS\DRS.iOS.csproj", "{3896C379-3B89-438D-BE18-348FC2140516}"
EndProject
Project("{FAE04EC0-301F-11D3-BF4B-00C04F79EFBC}") = "DRS.Droid", "DRS\DRS.Droid\DRS.Droid.csproj", "{597BB79B-44FB-46FE-A455-4CE7AD451752}"
EndProject
Project("{FAE04EC0-301F-11D3-BF4B-00C04F79EFBC}") = "DRS.WinPhone", "DRS\DRS.WinPhone\DRS.WinPhone.csproj", "{C1E040A5-1237-4C9A-A7C8-C46FE4AA897C}"
EndProject
Global
	GlobalSection(SolutionConfigurationPlatforms) = preSolution
		Ad-Hoc|Any CPU = Ad-Hoc|Any CPU
		Ad-Hoc|ARM = Ad-Hoc|ARM
		Ad-Hoc|iPhone = Ad-Hoc|iPhone
		Ad-Hoc|iPhoneSimulator = Ad-Hoc|iPhoneSimulator
		Ad-Hoc|Mixed Platforms = Ad-Hoc|Mixed Platforms
		Ad-Hoc|x86 = Ad-Hoc|x86
		AppStore|Any CPU = AppStore|Any CPU
		AppStore|ARM = AppStore|ARM
		AppStore|iPhone = AppStore|iPhone
		AppStore|iPhoneSimulator = AppStore|iPhoneSimulator
		AppStore|Mixed Platforms = AppStore|Mixed Platforms
		AppStore|x86 = AppStore|x86
		Debug|Any CPU = Debug|Any CPU
		Debug|ARM = Debug|ARM
		Debug|iPhone = Debug|iPhone
		Debug|iPhoneSimulator = Debug|iPhoneSimulator
		Debug|Mixed Platforms = Debug|Mixed Platforms
		Debug|x86 = Debug|x86
		Release|Any CPU = Release|Any CPU
		Release|ARM = Release|ARM
		Release|iPhone = Release|iPhone
		Release|iPhoneSimulator = Release|iPhoneSimulator
		Release|Mixed Platforms = Release|Mixed Platforms
		Release|x86 = Release|x86
	EndGlobalSection
	GlobalSection(ProjectConfigurationPlatforms) = postSolution
		{E454BC89-19D3-4322-B3CE-D2161BF4C8B6}.Ad-Hoc|Any CPU.ActiveCfg = Release|Any CPU
		{E454BC89-19D3-4322-B3CE-D2161BF4C8B6}.Ad-Hoc|Any CPU.Build.0 = Release|Any CPU
		{E454BC89-19D3-4322-B3CE-D2161BF4C8B6}.Ad-Hoc|ARM.ActiveCfg = Release|Any CPU
		{E454BC89-19D3-4322-B3CE-D2161BF4C8B6}.Ad-Hoc|iPhone.ActiveCfg = Release|Any CPU
		{E454BC89-19D3-4322-B3CE-D2161BF4C8B6}.Ad-Hoc|iPhoneSimulator.ActiveCfg = Release|Any CPU
		{E454BC89-19D3-4322-B3CE-D2161BF4C8B6}.Ad-Hoc|Mixed Platforms.ActiveCfg = Release|Any CPU
		{E454BC89-19D3-4322-B3CE-D2161BF4C8B6}.Ad-Hoc|Mixed Platforms.Build.0 = Release|Any CPU
		{E454BC89-19D3-4322-B3CE-D2161BF4C8B6}.Ad-Hoc|x86.ActiveCfg = Release|Any CPU
		{E454BC89-19D3-4322-B3CE-D2161BF4C8B6}.AppStore|Any CPU.ActiveCfg = Release|Any CPU
		{E454BC89-19D3-4322-B3CE-D2161BF4C8B6}.AppStore|Any CPU.Build.0 = Release|Any CPU
		{E454BC89-19D3-4322-B3CE-D2161BF4C8B6}.AppStore|ARM.ActiveCfg = Release|Any CPU
		{E454BC89-19D3-4322-B3CE-D2161BF4C8B6}.AppStore|iPhone.ActiveCfg = Release|Any CPU
		{E454BC89-19D3-4322-B3CE-D2161BF4C8B6}.AppStore|iPhoneSimulator.ActiveCfg = Release|Any CPU
		{E454BC89-19D3-4322-B3CE-D2161BF4C8B6}.AppStore|Mixed Platforms.ActiveCfg = Release|Any CPU
		{E454BC89-19D3-4322-B3CE-D2161BF4C8B6}.AppStore|Mixed Platforms.Build.0 = Release|Any CPU
		{E454BC89-19D3-4322-B3CE-D2161BF4C8B6}.AppStore|x86.ActiveCfg = Release|Any CPU
		{E454BC89-19D3-4322-B3CE-D2161BF4C8B6}.Debug|Any CPU.ActiveCfg = Debug|Any CPU
		{E454BC89-19D3-4322-B3CE-D2161BF4C8B6}.Debug|Any CPU.Build.0 = Debug|Any CPU
		{E454BC89-19D3-4322-B3CE-D2161BF4C8B6}.Debug|ARM.ActiveCfg = Debug|Any CPU
		{E454BC89-19D3-4322-B3CE-D2161BF4C8B6}.Debug|iPhone.ActiveCfg = Debug|Any CPU
		{E454BC89-19D3-4322-B3CE-D2161BF4C8B6}.Debug|iPhoneSimulator.ActiveCfg = Debug|Any CPU
		{E454BC89-19D3-4322-B3CE-D2161BF4C8B6}.Debug|Mixed Platforms.ActiveCfg = Debug|Any CPU
		{E454BC89-19D3-4322-B3CE-D2161BF4C8B6}.Debug|Mixed Platforms.Build.0 = Debug|Any CPU
		{E454BC89-19D3-4322-B3CE-D2161BF4C8B6}.Debug|x86.ActiveCfg = Debug|Any CPU
		{E454BC89-19D3-4322-B3CE-D2161BF4C8B6}.Release|Any CPU.ActiveCfg = Release|Any CPU
		{E454BC89-19D3-4322-B3CE-D2161BF4C8B6}.Release|Any CPU.Build.0 = Release|Any CPU
		{E454BC89-19D3-4322-B3CE-D2161BF4C8B6}.Release|ARM.ActiveCfg = Release|Any CPU
		{E454BC89-19D3-4322-B3CE-D2161BF4C8B6}.Release|iPhone.ActiveCfg = Release|Any CPU
		{E454BC89-19D3-4322-B3CE-D2161BF4C8B6}.Release|iPhoneSimulator.ActiveCfg = Release|Any CPU
		{E454BC89-19D3-4322-B3CE-D2161BF4C8B6}.Release|Mixed Platforms.ActiveCfg = Release|Any CPU
		{E454BC89-19D3-4322-B3CE-D2161BF4C8B6}.Release|Mixed Platforms.Build.0 = Release|Any CPU
		{E454BC89-19D3-4322-B3CE-D2161BF4C8B6}.Release|x86.ActiveCfg = Release|Any CPU
		{3896C379-3B89-438D-BE18-348FC2140516}.Ad-Hoc|Any CPU.ActiveCfg = Ad-Hoc|iPhone
		{3896C379-3B89-438D-BE18-348FC2140516}.Ad-Hoc|ARM.ActiveCfg = Ad-Hoc|iPhone
		{3896C379-3B89-438D-BE18-348FC2140516}.Ad-Hoc|iPhone.ActiveCfg = Ad-Hoc|iPhone
		{3896C379-3B89-438D-BE18-348FC2140516}.Ad-Hoc|iPhone.Build.0 = Ad-Hoc|iPhone
		{3896C379-3B89-438D-BE18-348FC2140516}.Ad-Hoc|iPhoneSimulator.ActiveCfg = Ad-Hoc|iPhoneSimulator
		{3896C379-3B89-438D-BE18-348FC2140516}.Ad-Hoc|iPhoneSimulator.Build.0 = Ad-Hoc|iPhoneSimulator
		{3896C379-3B89-438D-BE18-348FC2140516}.Ad-Hoc|Mixed Platforms.ActiveCfg = Ad-Hoc|iPhone
		{3896C379-3B89-438D-BE18-348FC2140516}.Ad-Hoc|Mixed Platforms.Build.0 = Ad-Hoc|iPhone
		{3896C379-3B89-438D-BE18-348FC2140516}.Ad-Hoc|x86.ActiveCfg = Ad-Hoc|iPhone
		{3896C379-3B89-438D-BE18-348FC2140516}.AppStore|Any CPU.ActiveCfg = AppStore|iPhone
		{3896C379-3B89-438D-BE18-348FC2140516}.AppStore|ARM.ActiveCfg = AppStore|iPhone
		{3896C379-3B89-438D-BE18-348FC2140516}.AppStore|iPhone.ActiveCfg = AppStore|iPhone
		{3896C379-3B89-438D-BE18-348FC2140516}.AppStore|iPhone.Build.0 = AppStore|iPhone
		{3896C379-3B89-438D-BE18-348FC2140516}.AppStore|iPhoneSimulator.ActiveCfg = AppStore|iPhoneSimulator
		{3896C379-3B89-438D-BE18-348FC2140516}.AppStore|iPhoneSimulator.Build.0 = AppStore|iPhoneSimulator
		{3896C379-3B89-438D-BE18-348FC2140516}.AppStore|Mixed Platforms.ActiveCfg = AppStore|iPhone
		{3896C379-3B89-438D-BE18-348FC2140516}.AppStore|Mixed Platforms.Build.0 = AppStore|iPhone
		{3896C379-3B89-438D-BE18-348FC2140516}.AppStore|x86.ActiveCfg = AppStore|iPhone
		{3896C379-3B89-438D-BE18-348FC2140516}.Debug|Any CPU.ActiveCfg = Debug|iPhone
		{3896C379-3B89-438D-BE18-348FC2140516}.Debug|ARM.ActiveCfg = Debug|iPhone
		{3896C379-3B89-438D-BE18-348FC2140516}.Debug|iPhone.ActiveCfg = Debug|iPhone
		{3896C379-3B89-438D-BE18-348FC2140516}.Debug|iPhone.Build.0 = Debug|iPhone
		{3896C379-3B89-438D-BE18-348FC2140516}.Debug|iPhoneSimulator.ActiveCfg = Debug|iPhoneSimulator
		{3896C379-3B89-438D-BE18-348FC2140516}.Debug|iPhoneSimulator.Build.0 = Debug|iPhoneSimulator
		{3896C379-3B89-438D-BE18-348FC2140516}.Debug|Mixed Platforms.ActiveCfg = Debug|iPhone
		{3896C379-3B89-438D-BE18-348FC2140516}.Debug|Mixed Platforms.Build.0 = Debug|iPhone
		{3896C379-3B89-438D-BE18-348FC2140516}.Debug|x86.ActiveCfg = Debug|iPhone
		{3896C379-3B89-438D-BE18-348FC2140516}.Release|Any CPU.ActiveCfg = Release|iPhone
		{3896C379-3B89-438D-BE18-348FC2140516}.Release|ARM.ActiveCfg = Release|iPhone
		{3896C379-3B89-438D-BE18-348FC2140516}.Release|iPhone.ActiveCfg = Release|iPhone
		{3896C379-3B89-438D-BE18-348FC2140516}.Release|iPhone.Build.0 = Release|iPhone
		{3896C379-3B89-438D-BE18-348FC2140516}.Release|iPhoneSimulator.ActiveCfg = Release|iPhoneSimulator
		{3896C379-3B89-438D-BE18-348FC2140516}.Release|iPhoneSimulator.Build.0 = Release|iPhoneSimulator
		{3896C379-3B89-438D-BE18-348FC2140516}.Release|Mixed Platforms.ActiveCfg = Release|iPhone
		{3896C379-3B89-438D-BE18-348FC2140516}.Release|Mixed Platforms.Build.0 = Release|iPhone
		{3896C379-3B89-438D-BE18-348FC2140516}.Release|x86.ActiveCfg = Release|iPhone
		{597BB79B-44FB-46FE-A455-4CE7AD451752}.Ad-Hoc|Any CPU.ActiveCfg = Release|Any CPU
		{597BB79B-44FB-46FE-A455-4CE7AD451752}.Ad-Hoc|Any CPU.Build.0 = Release|Any CPU
		{597BB79B-44FB-46FE-A455-4CE7AD451752}.Ad-Hoc|Any CPU.Deploy.0 = Release|Any CPU
		{597BB79B-44FB-46FE-A455-4CE7AD451752}.Ad-Hoc|ARM.ActiveCfg = Release|Any CPU
		{597BB79B-44FB-46FE-A455-4CE7AD451752}.Ad-Hoc|iPhone.ActiveCfg = Release|Any CPU
		{597BB79B-44FB-46FE-A455-4CE7AD451752}.Ad-Hoc|iPhoneSimulator.ActiveCfg = Release|Any CPU
		{597BB79B-44FB-46FE-A455-4CE7AD451752}.Ad-Hoc|Mixed Platforms.ActiveCfg = Release|Any CPU
		{597BB79B-44FB-46FE-A455-4CE7AD451752}.Ad-Hoc|Mixed Platforms.Build.0 = Release|Any CPU
		{597BB79B-44FB-46FE-A455-4CE7AD451752}.Ad-Hoc|Mixed Platforms.Deploy.0 = Release|Any CPU
		{597BB79B-44FB-46FE-A455-4CE7AD451752}.Ad-Hoc|x86.ActiveCfg = Release|Any CPU
		{597BB79B-44FB-46FE-A455-4CE7AD451752}.AppStore|Any CPU.ActiveCfg = Release|Any CPU
		{597BB79B-44FB-46FE-A455-4CE7AD451752}.AppStore|Any CPU.Build.0 = Release|Any CPU
		{597BB79B-44FB-46FE-A455-4CE7AD451752}.AppStore|Any CPU.Deploy.0 = Release|Any CPU
		{597BB79B-44FB-46FE-A455-4CE7AD451752}.AppStore|ARM.ActiveCfg = Release|Any CPU
		{597BB79B-44FB-46FE-A455-4CE7AD451752}.AppStore|iPhone.ActiveCfg = Release|Any CPU
		{597BB79B-44FB-46FE-A455-4CE7AD451752}.AppStore|iPhoneSimulator.ActiveCfg = Release|Any CPU
		{597BB79B-44FB-46FE-A455-4CE7AD451752}.AppStore|Mixed Platforms.ActiveCfg = Release|Any CPU
		{597BB79B-44FB-46FE-A455-4CE7AD451752}.AppStore|Mixed Platforms.Build.0 = Release|Any CPU
		{597BB79B-44FB-46FE-A455-4CE7AD451752}.AppStore|Mixed Platforms.Deploy.0 = Release|Any CPU
		{597BB79B-44FB-46FE-A455-4CE7AD451752}.AppStore|x86.ActiveCfg = Release|Any CPU
		{597BB79B-44FB-46FE-A455-4CE7AD451752}.Debug|Any CPU.ActiveCfg = Debug|Any CPU
		{597BB79B-44FB-46FE-A455-4CE7AD451752}.Debug|Any CPU.Build.0 = Debug|Any CPU
		{597BB79B-44FB-46FE-A455-4CE7AD451752}.Debug|Any CPU.Deploy.0 = Debug|Any CPU
		{597BB79B-44FB-46FE-A455-4CE7AD451752}.Debug|ARM.ActiveCfg = Debug|Any CPU
		{597BB79B-44FB-46FE-A455-4CE7AD451752}.Debug|iPhone.ActiveCfg = Debug|Any CPU
		{597BB79B-44FB-46FE-A455-4CE7AD451752}.Debug|iPhoneSimulator.ActiveCfg = Debug|Any CPU
		{597BB79B-44FB-46FE-A455-4CE7AD451752}.Debug|Mixed Platforms.ActiveCfg = Debug|Any CPU
		{597BB79B-44FB-46FE-A455-4CE7AD451752}.Debug|Mixed Platforms.Build.0 = Debug|Any CPU
		{597BB79B-44FB-46FE-A455-4CE7AD451752}.Debug|Mixed Platforms.Deploy.0 = Debug|Any CPU
		{597BB79B-44FB-46FE-A455-4CE7AD451752}.Debug|x86.ActiveCfg = Debug|Any CPU
		{597BB79B-44FB-46FE-A455-4CE7AD451752}.Release|Any CPU.ActiveCfg = Release|Any CPU
		{597BB79B-44FB-46FE-A455-4CE7AD451752}.Release|Any CPU.Build.0 = Release|Any CPU
		{597BB79B-44FB-46FE-A455-4CE7AD451752}.Release|Any CPU.Deploy.0 = Release|Any CPU
		{597BB79B-44FB-46FE-A455-4CE7AD451752}.Release|ARM.ActiveCfg = Release|Any CPU
		{597BB79B-44FB-46FE-A455-4CE7AD451752}.Release|iPhone.ActiveCfg = Release|Any CPU
		{597BB79B-44FB-46FE-A455-4CE7AD451752}.Release|iPhoneSimulator.ActiveCfg = Release|Any CPU
		{597BB79B-44FB-46FE-A455-4CE7AD451752}.Release|Mixed Platforms.ActiveCfg = Release|Any CPU
		{597BB79B-44FB-46FE-A455-4CE7AD451752}.Release|Mixed Platforms.Build.0 = Release|Any CPU
		{597BB79B-44FB-46FE-A455-4CE7AD451752}.Release|Mixed Platforms.Deploy.0 = Release|Any CPU
		{597BB79B-44FB-46FE-A455-4CE7AD451752}.Release|x86.ActiveCfg = Release|Any CPU
		{C1E040A5-1237-4C9A-A7C8-C46FE4AA897C}.Ad-Hoc|Any CPU.ActiveCfg = Release|Any CPU
		{C1E040A5-1237-4C9A-A7C8-C46FE4AA897C}.Ad-Hoc|Any CPU.Build.0 = Release|Any CPU
		{C1E040A5-1237-4C9A-A7C8-C46FE4AA897C}.Ad-Hoc|Any CPU.Deploy.0 = Release|Any CPU
		{C1E040A5-1237-4C9A-A7C8-C46FE4AA897C}.Ad-Hoc|ARM.ActiveCfg = Release|ARM
		{C1E040A5-1237-4C9A-A7C8-C46FE4AA897C}.Ad-Hoc|ARM.Build.0 = Release|ARM
		{C1E040A5-1237-4C9A-A7C8-C46FE4AA897C}.Ad-Hoc|ARM.Deploy.0 = Release|ARM
		{C1E040A5-1237-4C9A-A7C8-C46FE4AA897C}.Ad-Hoc|iPhone.ActiveCfg = Release|Any CPU
		{C1E040A5-1237-4C9A-A7C8-C46FE4AA897C}.Ad-Hoc|iPhoneSimulator.ActiveCfg = Release|Any CPU
		{C1E040A5-1237-4C9A-A7C8-C46FE4AA897C}.Ad-Hoc|Mixed Platforms.ActiveCfg = Release|x86
		{C1E040A5-1237-4C9A-A7C8-C46FE4AA897C}.Ad-Hoc|Mixed Platforms.Build.0 = Release|x86
		{C1E040A5-1237-4C9A-A7C8-C46FE4AA897C}.Ad-Hoc|Mixed Platforms.Deploy.0 = Release|x86
		{C1E040A5-1237-4C9A-A7C8-C46FE4AA897C}.Ad-Hoc|x86.ActiveCfg = Release|x86
		{C1E040A5-1237-4C9A-A7C8-C46FE4AA897C}.Ad-Hoc|x86.Build.0 = Release|x86
		{C1E040A5-1237-4C9A-A7C8-C46FE4AA897C}.Ad-Hoc|x86.Deploy.0 = Release|x86
		{C1E040A5-1237-4C9A-A7C8-C46FE4AA897C}.AppStore|Any CPU.ActiveCfg = Release|Any CPU
		{C1E040A5-1237-4C9A-A7C8-C46FE4AA897C}.AppStore|Any CPU.Build.0 = Release|Any CPU
		{C1E040A5-1237-4C9A-A7C8-C46FE4AA897C}.AppStore|Any CPU.Deploy.0 = Release|Any CPU
		{C1E040A5-1237-4C9A-A7C8-C46FE4AA897C}.AppStore|ARM.ActiveCfg = Release|ARM
		{C1E040A5-1237-4C9A-A7C8-C46FE4AA897C}.AppStore|ARM.Build.0 = Release|ARM
		{C1E040A5-1237-4C9A-A7C8-C46FE4AA897C}.AppStore|ARM.Deploy.0 = Release|ARM
		{C1E040A5-1237-4C9A-A7C8-C46FE4AA897C}.AppStore|iPhone.ActiveCfg = Release|Any CPU
		{C1E040A5-1237-4C9A-A7C8-C46FE4AA897C}.AppStore|iPhoneSimulator.ActiveCfg = Release|Any CPU
		{C1E040A5-1237-4C9A-A7C8-C46FE4AA897C}.AppStore|Mixed Platforms.ActiveCfg = Release|x86
		{C1E040A5-1237-4C9A-A7C8-C46FE4AA897C}.AppStore|Mixed Platforms.Build.0 = Release|x86
		{C1E040A5-1237-4C9A-A7C8-C46FE4AA897C}.AppStore|Mixed Platforms.Deploy.0 = Release|x86
		{C1E040A5-1237-4C9A-A7C8-C46FE4AA897C}.AppStore|x86.ActiveCfg = Release|x86
		{C1E040A5-1237-4C9A-A7C8-C46FE4AA897C}.AppStore|x86.Build.0 = Release|x86
		{C1E040A5-1237-4C9A-A7C8-C46FE4AA897C}.AppStore|x86.Deploy.0 = Release|x86
		{C1E040A5-1237-4C9A-A7C8-C46FE4AA897C}.Debug|Any CPU.ActiveCfg = Debug|Any CPU
		{C1E040A5-1237-4C9A-A7C8-C46FE4AA897C}.Debug|Any CPU.Build.0 = Debug|Any CPU
		{C1E040A5-1237-4C9A-A7C8-C46FE4AA897C}.Debug|Any CPU.Deploy.0 = Debug|Any CPU
		{C1E040A5-1237-4C9A-A7C8-C46FE4AA897C}.Debug|ARM.ActiveCfg = Debug|ARM
		{C1E040A5-1237-4C9A-A7C8-C46FE4AA897C}.Debug|ARM.Build.0 = Debug|ARM
		{C1E040A5-1237-4C9A-A7C8-C46FE4AA897C}.Debug|ARM.Deploy.0 = Debug|ARM
		{C1E040A5-1237-4C9A-A7C8-C46FE4AA897C}.Debug|iPhone.ActiveCfg = Debug|Any CPU
		{C1E040A5-1237-4C9A-A7C8-C46FE4AA897C}.Debug|iPhoneSimulator.ActiveCfg = Debug|Any CPU
		{C1E040A5-1237-4C9A-A7C8-C46FE4AA897C}.Debug|Mixed Platforms.ActiveCfg = Debug|x86
		{C1E040A5-1237-4C9A-A7C8-C46FE4AA897C}.Debug|Mixed Platforms.Build.0 = Debug|x86
		{C1E040A5-1237-4C9A-A7C8-C46FE4AA897C}.Debug|Mixed Platforms.Deploy.0 = Debug|x86
		{C1E040A5-1237-4C9A-A7C8-C46FE4AA897C}.Debug|x86.ActiveCfg = Debug|x86
		{C1E040A5-1237-4C9A-A7C8-C46FE4AA897C}.Debug|x86.Build.0 = Debug|x86
		{C1E040A5-1237-4C9A-A7C8-C46FE4AA897C}.Debug|x86.Deploy.0 = Debug|x86
		{C1E040A5-1237-4C9A-A7C8-C46FE4AA897C}.Release|Any CPU.ActiveCfg = Release|Any CPU
		{C1E040A5-1237-4C9A-A7C8-C46FE4AA897C}.Release|Any CPU.Build.0 = Release|Any CPU
		{C1E040A5-1237-4C9A-A7C8-C46FE4AA897C}.Release|Any CPU.Deploy.0 = Release|Any CPU
		{C1E040A5-1237-4C9A-A7C8-C46FE4AA897C}.Release|ARM.ActiveCfg = Release|ARM
		{C1E040A5-1237-4C9A-A7C8-C46FE4AA897C}.Release|ARM.Build.0 = Release|ARM
		{C1E040A5-1237-4C9A-A7C8-C46FE4AA897C}.Release|ARM.Deploy.0 = Release|ARM
		{C1E040A5-1237-4C9A-A7C8-C46FE4AA897C}.Release|iPhone.ActiveCfg = Release|Any CPU
		{C1E040A5-1237-4C9A-A7C8-C46FE4AA897C}.Release|iPhoneSimulator.ActiveCfg = Release|Any CPU
		{C1E040A5-1237-4C9A-A7C8-C46FE4AA897C}.Release|Mixed Platforms.ActiveCfg = Release|x86
		{C1E040A5-1237-4C9A-A7C8-C46FE4AA897C}.Release|Mixed Platforms.Build.0 = Release|x86
		{C1E040A5-1237-4C9A-A7C8-C46FE4AA897C}.Release|Mixed Platforms.Deploy.0 = Release|x86
		{C1E040A5-1237-4C9A-A7C8-C46FE4AA897C}.Release|x86.ActiveCfg = Release|x86
		{C1E040A5-1237-4C9A-A7C8-C46FE4AA897C}.Release|x86.Build.0 = Release|x86
		{C1E040A5-1237-4C9A-A7C8-C46FE4AA897C}.Release|x86.Deploy.0 = Release|x86
	EndGlobalSection
	GlobalSection(SolutionProperties) = preSolution
		HideSolutionNode = FALSE
	EndGlobalSection
EndGlobal
